
Microsoft Visual Studio Solution File, Format Version 12.00
# Visual Studio Version 17
VisualStudioVersion = 17.10.35122.118
MinimumVisualStudioVersion = 10.0.40219.1
Project("{FAE04EC0-301F-11D3-BF4B-00C04F79EFBC}") = "ViajeEspacial", "ViajeEspacial\ViajeEspacial.csproj", "{BA92195B-AFEF-4A04-921D-45A444E35FC0}"
EndProject
Global
	GlobalSection(SolutionConfigurationPlatforms) = preSolution
		Debug|Any CPU = Debug|Any CPU
		Release|Any CPU = Release|Any CPU
	EndGlobalSection
	GlobalSection(ProjectConfigurationPlatforms) = postSolution
		{BA92195B-AFEF-4A04-921D-45A444E35FC0}.Debug|Any CPU.ActiveCfg = Debug|Any CPU
		{BA92195B-AFEF-4A04-921D-45A444E35FC0}.Debug|Any CPU.Build.0 = Debug|Any CPU
		{BA92195B-AFEF-4A04-921D-45A444E35FC0}.Release|Any CPU.ActiveCfg = Release|Any CPU
		{BA92195B-AFEF-4A04-921D-45A444E35FC0}.Release|Any CPU.Build.0 = Release|Any CPU
	EndGlobalSection
	GlobalSection(SolutionProperties) = preSolution
		HideSolutionNode = FALSE
	EndGlobalSection
	GlobalSection(ExtensibilityGlobals) = postSolution
		SolutionGuid = {5587EEBA-EDCC-48DA-BCF6-40409E677945}
	EndGlobalSection
EndGlobal
