
Microsoft Visual Studio Solution File, Format Version 12.00
# Visual Studio Version 17
VisualStudioVersion = 17.10.35122.118
MinimumVisualStudioVersion = 10.0.40219.1
Project("{FAE04EC0-301F-11D3-BF4B-00C04F79EFBC}") = "AcademiaPrestigiosa", "AcademiaPrestigiosa.csproj", "{EB6D1C39-2C35-4457-990B-F622E3C6BEDB}"
EndProject
Global
	GlobalSection(SolutionConfigurationPlatforms) = preSolution
		Debug|Any CPU = Debug|Any CPU
		Release|Any CPU = Release|Any CPU
	EndGlobalSection
	GlobalSection(ProjectConfigurationPlatforms) = postSolution
		{EB6D1C39-2C35-4457-990B-F622E3C6BEDB}.Debug|Any CPU.ActiveCfg = Debug|Any CPU
		{EB6D1C39-2C35-4457-990B-F622E3C6BEDB}.Debug|Any CPU.Build.0 = Debug|Any CPU
		{EB6D1C39-2C35-4457-990B-F622E3C6BEDB}.Release|Any CPU.ActiveCfg = Release|Any CPU
		{EB6D1C39-2C35-4457-990B-F622E3C6BEDB}.Release|Any CPU.Build.0 = Release|Any CPU
	EndGlobalSection
	GlobalSection(SolutionProperties) = preSolution
		HideSolutionNode = FALSE
	EndGlobalSection
	GlobalSection(ExtensibilityGlobals) = postSolution
		SolutionGuid = {AEB515B5-7414-467A-AD4C-33CC288FE098}
	EndGlobalSection
EndGlobal
