
Microsoft Visual Studio Solution File, Format Version 12.00
# Visual Studio Version 17
VisualStudioVersion = 17.10.35122.118
MinimumVisualStudioVersion = 10.0.40219.1
Project("{FAE04EC0-301F-11D3-BF4B-00C04F79EFBC}") = "TaxisUrbanos", "TaxisUrbanos.csproj", "{5E16E92E-A699-44AC-8AC8-B2AC7508A059}"
EndProject
Global
	GlobalSection(SolutionConfigurationPlatforms) = preSolution
		Debug|Any CPU = Debug|Any CPU
		Release|Any CPU = Release|Any CPU
	EndGlobalSection
	GlobalSection(ProjectConfigurationPlatforms) = postSolution
		{5E16E92E-A699-44AC-8AC8-B2AC7508A059}.Debug|Any CPU.ActiveCfg = Debug|Any CPU
		{5E16E92E-A699-44AC-8AC8-B2AC7508A059}.Debug|Any CPU.Build.0 = Debug|Any CPU
		{5E16E92E-A699-44AC-8AC8-B2AC7508A059}.Release|Any CPU.ActiveCfg = Release|Any CPU
		{5E16E92E-A699-44AC-8AC8-B2AC7508A059}.Release|Any CPU.Build.0 = Release|Any CPU
	EndGlobalSection
	GlobalSection(SolutionProperties) = preSolution
		HideSolutionNode = FALSE
	EndGlobalSection
	GlobalSection(ExtensibilityGlobals) = postSolution
		SolutionGuid = {0A0D0B52-53F5-410A-A050-7A1AFA519537}
	EndGlobalSection
EndGlobal
