
Microsoft Visual Studio Solution File, Format Version 12.00
# Visual Studio Version 17
VisualStudioVersion = 17.10.35122.118
MinimumVisualStudioVersion = 10.0.40219.1
Project("{FAE04EC0-301F-11D3-BF4B-00C04F79EFBC}") = "Cine", "Cine.csproj", "{68B103B8-D49B-42C6-8955-98FD2AE69444}"
EndProject
Global
	GlobalSection(SolutionConfigurationPlatforms) = preSolution
		Debug|Any CPU = Debug|Any CPU
		Release|Any CPU = Release|Any CPU
	EndGlobalSection
	GlobalSection(ProjectConfigurationPlatforms) = postSolution
		{68B103B8-D49B-42C6-8955-98FD2AE69444}.Debug|Any CPU.ActiveCfg = Debug|Any CPU
		{68B103B8-D49B-42C6-8955-98FD2AE69444}.Debug|Any CPU.Build.0 = Debug|Any CPU
		{68B103B8-D49B-42C6-8955-98FD2AE69444}.Release|Any CPU.ActiveCfg = Release|Any CPU
		{68B103B8-D49B-42C6-8955-98FD2AE69444}.Release|Any CPU.Build.0 = Release|Any CPU
	EndGlobalSection
	GlobalSection(SolutionProperties) = preSolution
		HideSolutionNode = FALSE
	EndGlobalSection
	GlobalSection(ExtensibilityGlobals) = postSolution
		SolutionGuid = {86002CEF-E780-4C9C-93EA-579FDFB74E7E}
	EndGlobalSection
EndGlobal
